
Microsoft Visual Studio Solution File, Format Version 12.00
# Visual Studio Version 16
VisualStudioVersion = 16.0.30611.23
MinimumVisualStudioVersion = 10.0.40219.1
Project("{FAE04EC0-301F-11D3-BF4B-00C04F79EFBC}") = "ITMO.Course124.Exercise5.2.PDFReader", "ITMO.Course124.Exercise5.2.PDFReader.csproj", "{3B561AA2-AFA2-45E6-A961-A72877FA9EFC}"
EndProject
Global
	GlobalSection(SolutionConfigurationPlatforms) = preSolution
		Debug|Any CPU = Debug|Any CPU
		Release|Any CPU = Release|Any CPU
	EndGlobalSection
	GlobalSection(ProjectConfigurationPlatforms) = postSolution
		{3B561AA2-AFA2-45E6-A961-A72877FA9EFC}.Debug|Any CPU.ActiveCfg = Debug|Any CPU
		{3B561AA2-AFA2-45E6-A961-A72877FA9EFC}.Debug|Any CPU.Build.0 = Debug|Any CPU
		{3B561AA2-AFA2-45E6-A961-A72877FA9EFC}.Release|Any CPU.ActiveCfg = Release|Any CPU
		{3B561AA2-AFA2-45E6-A961-A72877FA9EFC}.Release|Any CPU.Build.0 = Release|Any CPU
	EndGlobalSection
	GlobalSection(SolutionProperties) = preSolution
		HideSolutionNode = FALSE
	EndGlobalSection
	GlobalSection(ExtensibilityGlobals) = postSolution
		SolutionGuid = {BFC70964-3E11-438B-9428-60C7BAABE3EE}
	EndGlobalSection
EndGlobal
