
Microsoft Visual Studio Solution File, Format Version 12.00
# Visual Studio Version 16
VisualStudioVersion = 16.0.30611.23
MinimumVisualStudioVersion = 10.0.40219.1
Project("{FAE04EC0-301F-11D3-BF4B-00C04F79EFBC}") = "WindowsFormsChart", "WindowsFormsChart.csproj", "{854D5799-2169-474A-8A7A-6B8C329AAE56}"
EndProject
Global
	GlobalSection(SolutionConfigurationPlatforms) = preSolution
		Debug|Any CPU = Debug|Any CPU
		Release|Any CPU = Release|Any CPU
	EndGlobalSection
	GlobalSection(ProjectConfigurationPlatforms) = postSolution
		{854D5799-2169-474A-8A7A-6B8C329AAE56}.Debug|Any CPU.ActiveCfg = Debug|Any CPU
		{854D5799-2169-474A-8A7A-6B8C329AAE56}.Debug|Any CPU.Build.0 = Debug|Any CPU
		{854D5799-2169-474A-8A7A-6B8C329AAE56}.Release|Any CPU.ActiveCfg = Release|Any CPU
		{854D5799-2169-474A-8A7A-6B8C329AAE56}.Release|Any CPU.Build.0 = Release|Any CPU
	EndGlobalSection
	GlobalSection(SolutionProperties) = preSolution
		HideSolutionNode = FALSE
	EndGlobalSection
	GlobalSection(ExtensibilityGlobals) = postSolution
		SolutionGuid = {441D3519-B695-4DEA-9BD3-45E17DEA72F7}
	EndGlobalSection
EndGlobal
