
Microsoft Visual Studio Solution File, Format Version 12.00
# Visual Studio Version 16
VisualStudioVersion = 16.0.30611.23
MinimumVisualStudioVersion = 10.0.40219.1
Project("{FAE04EC0-301F-11D3-BF4B-00C04F79EFBC}") = "ITMO.Course124.Exercise5.3.WinAnim", "ITMO.Course124.Exercise5.3.WinAnim.csproj", "{95C9D3A2-EA4A-4A44-8E56-6948CAFD571D}"
EndProject
Global
	GlobalSection(SolutionConfigurationPlatforms) = preSolution
		Debug|Any CPU = Debug|Any CPU
		Release|Any CPU = Release|Any CPU
	EndGlobalSection
	GlobalSection(ProjectConfigurationPlatforms) = postSolution
		{95C9D3A2-EA4A-4A44-8E56-6948CAFD571D}.Debug|Any CPU.ActiveCfg = Debug|Any CPU
		{95C9D3A2-EA4A-4A44-8E56-6948CAFD571D}.Debug|Any CPU.Build.0 = Debug|Any CPU
		{95C9D3A2-EA4A-4A44-8E56-6948CAFD571D}.Release|Any CPU.ActiveCfg = Release|Any CPU
		{95C9D3A2-EA4A-4A44-8E56-6948CAFD571D}.Release|Any CPU.Build.0 = Release|Any CPU
	EndGlobalSection
	GlobalSection(SolutionProperties) = preSolution
		HideSolutionNode = FALSE
	EndGlobalSection
	GlobalSection(ExtensibilityGlobals) = postSolution
		SolutionGuid = {EABC4A52-AAAE-4F36-BD34-4FE87E7E6D08}
	EndGlobalSection
EndGlobal
