
Microsoft Visual Studio Solution File, Format Version 12.00
# Visual Studio Version 16
VisualStudioVersion = 16.0.30611.23
MinimumVisualStudioVersion = 10.0.40219.1
Project("{FAE04EC0-301F-11D3-BF4B-00C04F79EFBC}") = "WinAsynchDelegate", "WinAsynchDelegate.csproj", "{CCF600AA-614C-4732-AD30-7F026CB71928}"
EndProject
Global
	GlobalSection(SolutionConfigurationPlatforms) = preSolution
		Debug|Any CPU = Debug|Any CPU
		Release|Any CPU = Release|Any CPU
	EndGlobalSection
	GlobalSection(ProjectConfigurationPlatforms) = postSolution
		{CCF600AA-614C-4732-AD30-7F026CB71928}.Debug|Any CPU.ActiveCfg = Debug|Any CPU
		{CCF600AA-614C-4732-AD30-7F026CB71928}.Debug|Any CPU.Build.0 = Debug|Any CPU
		{CCF600AA-614C-4732-AD30-7F026CB71928}.Release|Any CPU.ActiveCfg = Release|Any CPU
		{CCF600AA-614C-4732-AD30-7F026CB71928}.Release|Any CPU.Build.0 = Release|Any CPU
	EndGlobalSection
	GlobalSection(SolutionProperties) = preSolution
		HideSolutionNode = FALSE
	EndGlobalSection
	GlobalSection(ExtensibilityGlobals) = postSolution
		SolutionGuid = {A9B2BE5B-3D0D-4E72-963E-07C3F07504A2}
	EndGlobalSection
EndGlobal
