
Microsoft Visual Studio Solution File, Format Version 12.00
# Visual Studio Version 16
VisualStudioVersion = 16.0.30611.23
MinimumVisualStudioVersion = 10.0.40219.1
Project("{FAE04EC0-301F-11D3-BF4B-00C04F79EFBC}") = "UserIn2", "UserIn2.csproj", "{11582ACD-5E39-4CFE-A88E-91421A2ABDDF}"
EndProject
Global
	GlobalSection(SolutionConfigurationPlatforms) = preSolution
		Debug|Any CPU = Debug|Any CPU
		Release|Any CPU = Release|Any CPU
	EndGlobalSection
	GlobalSection(ProjectConfigurationPlatforms) = postSolution
		{11582ACD-5E39-4CFE-A88E-91421A2ABDDF}.Debug|Any CPU.ActiveCfg = Debug|Any CPU
		{11582ACD-5E39-4CFE-A88E-91421A2ABDDF}.Debug|Any CPU.Build.0 = Debug|Any CPU
		{11582ACD-5E39-4CFE-A88E-91421A2ABDDF}.Release|Any CPU.ActiveCfg = Release|Any CPU
		{11582ACD-5E39-4CFE-A88E-91421A2ABDDF}.Release|Any CPU.Build.0 = Release|Any CPU
	EndGlobalSection
	GlobalSection(SolutionProperties) = preSolution
		HideSolutionNode = FALSE
	EndGlobalSection
	GlobalSection(ExtensibilityGlobals) = postSolution
		SolutionGuid = {37C7FFFE-5F92-4194-A93A-7725DF05C7BA}
	EndGlobalSection
EndGlobal
