
Microsoft Visual Studio Solution File, Format Version 12.00
# Visual Studio Version 16
VisualStudioVersion = 16.0.30611.23
MinimumVisualStudioVersion = 10.0.40219.1
Project("{FAE04EC0-301F-11D3-BF4B-00C04F79EFBC}") = "ITMO.Course124.Exercise5.1", "ITMO.Course124.Exercise5.1.csproj", "{89C06B83-1EB0-41AC-AB9A-716D48EE4EE5}"
EndProject
Global
	GlobalSection(SolutionConfigurationPlatforms) = preSolution
		Debug|Any CPU = Debug|Any CPU
		Release|Any CPU = Release|Any CPU
	EndGlobalSection
	GlobalSection(ProjectConfigurationPlatforms) = postSolution
		{89C06B83-1EB0-41AC-AB9A-716D48EE4EE5}.Debug|Any CPU.ActiveCfg = Debug|Any CPU
		{89C06B83-1EB0-41AC-AB9A-716D48EE4EE5}.Debug|Any CPU.Build.0 = Debug|Any CPU
		{89C06B83-1EB0-41AC-AB9A-716D48EE4EE5}.Release|Any CPU.ActiveCfg = Release|Any CPU
		{89C06B83-1EB0-41AC-AB9A-716D48EE4EE5}.Release|Any CPU.Build.0 = Release|Any CPU
	EndGlobalSection
	GlobalSection(SolutionProperties) = preSolution
		HideSolutionNode = FALSE
	EndGlobalSection
	GlobalSection(ExtensibilityGlobals) = postSolution
		SolutionGuid = {B1F762F3-0A25-4C69-AA0E-51BA60BCFDDD}
	EndGlobalSection
EndGlobal
